// !$*UTF8*$!
{
	archiveVersion = 1;
	classes = {
	};
	objectVersion = 46;
	objects = {

/* Begin PBXBuildFile section */
		C96BFE061C16EC2D00D35DBA /* main.cpp in Sources */ = {isa = PBXBuildFile; fileRef = C96BFE051C16EC2D00D35DBA /* main.cpp */; };
		C96BFE0E1C16ED2F00D35DBA /* OptionParser.cpp in Sources */ = {isa = PBXBuildFile; fileRef = C96BFE0D1C16ED2F00D35DBA /* OptionParser.cpp */; };
		C96BFE121C16EF8300D35DBA /* ls.cpp in Sources */ = {isa = PBXBuildFile; fileRef = C96BFE111C16EF8300D35DBA /* ls.cpp */; };
		C96BFE141C16F15F00D35DBA /* cmdparser.cpp in Sources */ = {isa = PBXBuildFile; fileRef = C96BFE131C16F15F00D35DBA /* cmdparser.cpp */; };
		C96BFE171C16F51000D35DBA /* platform_unix.cpp in Sources */ = {isa = PBXBuildFile; fileRef = C96BFE161C16F51000D35DBA /* platform_unix.cpp */; };
		C96BFE501C16FEBF00D35DBA /* track_source.cpp in Sources */ = {isa = PBXBuildFile; fileRef = C96BFE4B1C16FEBF00D35DBA /* track_source.cpp */; };
		C96BFE511C16FEBF00D35DBA /* track_sink.cpp in Sources */ = {isa = PBXBuildFile; fileRef = C96BFE4D1C16FEBF00D35DBA /* track_sink.cpp */; };
		C96BFE521C16FEBF00D35DBA /* util.cpp in Sources */ = {isa = PBXBuildFile; fileRef = C96BFE4F1C16FEBF00D35DBA /* util.cpp */; };
		C96BFE591C16FEEA00D35DBA /* trk_source.cpp in Sources */ = {isa = PBXBuildFile; fileRef = C96BFE561C16FEEA00D35DBA /* trk_source.cpp */; };
		C96BFE5A1C16FEEA00D35DBA /* trk_sink.cpp in Sources */ = {isa = PBXBuildFile; fileRef = C96BFE581C16FEEA00D35DBA /* trk_sink.cpp */; };
		C96BFE601C16FF1700D35DBA /* track.cpp in Sources */ = {isa = PBXBuildFile; fileRef = C96BFE5D1C16FF1700D35DBA /* track.cpp */; };
		C96BFE641C17128E00D35DBA /* sol_source.cpp in Sources */ = {isa = PBXBuildFile; fileRef = C96BFE631C17128E00D35DBA /* sol_source.cpp */; };
		C96BFE671C1712E500D35DBA /* amf0.c in Sources */ = {isa = PBXBuildFile; fileRef = C96BFE661C1712E500D35DBA /* amf0.c */; };
		C96BFE6A1C1714C800D35DBA /* sols.cpp in Sources */ = {isa = PBXBuildFile; fileRef = C96BFE691C1714C800D35DBA /* sols.cpp */; };
		C96BFE701C17D05B00D35DBA /* jsoncpp.cpp in Sources */ = {isa = PBXBuildFile; fileRef = C96BFE6D1C17D05B00D35DBA /* jsoncpp.cpp */; };
		C96BFE711C17D05B00D35DBA /* lineonline.cpp in Sources */ = {isa = PBXBuildFile; fileRef = C96BFE6F1C17D05B00D35DBA /* lineonline.cpp */; };
		C96BFE741C17D22900D35DBA /* json_source.cpp in Sources */ = {isa = PBXBuildFile; fileRef = C96BFE731C17D22900D35DBA /* json_source.cpp */; };
		C96BFE771C18503A00D35DBA /* convert.cpp in Sources */ = {isa = PBXBuildFile; fileRef = C96BFE761C18503A00D35DBA /* convert.cpp */; };
		C96BFE7A1C1864A200D35DBA /* sol_sink.cpp in Sources */ = {isa = PBXBuildFile; fileRef = C96BFE791C1864A200D35DBA /* sol_sink.cpp */; };
		C96BFE7D1C18670E00D35DBA /* json_sink.cpp in Sources */ = {isa = PBXBuildFile; fileRef = C96BFE7C1C18670E00D35DBA /* json_sink.cpp */; };
		C96BFE801C198E3000D35DBA /* dump.cpp in Sources */ = {isa = PBXBuildFile; fileRef = C96BFE7F1C198E3000D35DBA /* dump.cpp */; };
/* End PBXBuildFile section */

/* Begin PBXCopyFilesBuildPhase section */
		C96BFE001C16EC2D00D35DBA /* CopyFiles */ = {
			isa = PBXCopyFilesBuildPhase;
			buildActionMask = 2147483647;
			dstPath = /usr/share/man/man1/;
			dstSubfolderSpec = 0;
			files = (
			);
			runOnlyForDeploymentPostprocessing = 1;
		};
/* End PBXCopyFilesBuildPhase section */

/* Begin PBXFileReference section */
		C96BFE021C16EC2D00D35DBA /* lrtools */ = {isa = PBXFileReference; explicitFileType = "compiled.mach-o.executable"; includeInIndex = 0; path = lrtools; sourceTree = BUILT_PRODUCTS_DIR; };
		C96BFE051C16EC2D00D35DBA /* main.cpp */ = {isa = PBXFileReference; lastKnownFileType = sourcecode.cpp.cpp; path = main.cpp; sourceTree = "<group>"; };
		C96BFE0C1C16ED0D00D35DBA /* OptionParser.hpp */ = {isa = PBXFileReference; fileEncoding = 4; lastKnownFileType = sourcecode.cpp.h; path = OptionParser.hpp; sourceTree = "<group>"; };
		C96BFE0D1C16ED2F00D35DBA /* OptionParser.cpp */ = {isa = PBXFileReference; fileEncoding = 4; lastKnownFileType = sourcecode.cpp.cpp; path = OptionParser.cpp; sourceTree = "<group>"; };
		C96BFE0F1C16EEC300D35DBA /* cmdparser.hpp */ = {isa = PBXFileReference; fileEncoding = 4; lastKnownFileType = sourcecode.cpp.h; path = cmdparser.hpp; sourceTree = "<group>"; };
		C96BFE101C16EF7500D35DBA /* ls.hpp */ = {isa = PBXFileReference; fileEncoding = 4; lastKnownFileType = sourcecode.cpp.h; path = ls.hpp; sourceTree = "<group>"; };
		C96BFE111C16EF8300D35DBA /* ls.cpp */ = {isa = PBXFileReference; fileEncoding = 4; lastKnownFileType = sourcecode.cpp.cpp; path = ls.cpp; sourceTree = "<group>"; };
		C96BFE131C16F15F00D35DBA /* cmdparser.cpp */ = {isa = PBXFileReference; fileEncoding = 4; lastKnownFileType = sourcecode.cpp.cpp; path = cmdparser.cpp; sourceTree = "<group>"; };
		C96BFE151C16F4BF00D35DBA /* platform.hpp */ = {isa = PBXFileReference; fileEncoding = 4; lastKnownFileType = sourcecode.cpp.h; path = platform.hpp; sourceTree = "<group>"; };
		C96BFE161C16F51000D35DBA /* platform_unix.cpp */ = {isa = PBXFileReference; fileEncoding = 4; lastKnownFileType = sourcecode.cpp.cpp; path = platform_unix.cpp; sourceTree = "<group>"; };
		C96BFE4A1C16FEAA00D35DBA /* track_source.h */ = {isa = PBXFileReference; lastKnownFileType = sourcecode.c.h; path = track_source.h; sourceTree = "<group>"; };
		C96BFE4B1C16FEBF00D35DBA /* track_source.cpp */ = {isa = PBXFileReference; fileEncoding = 4; lastKnownFileType = sourcecode.cpp.cpp; path = track_source.cpp; sourceTree = "<group>"; };
		C96BFE4C1C16FEBF00D35DBA /* track_sink.h */ = {isa = PBXFileReference; fileEncoding = 4; lastKnownFileType = sourcecode.c.h; path = track_sink.h; sourceTree = "<group>"; };
		C96BFE4D1C16FEBF00D35DBA /* track_sink.cpp */ = {isa = PBXFileReference; fileEncoding = 4; lastKnownFileType = sourcecode.cpp.cpp; path = track_sink.cpp; sourceTree = "<group>"; };
		C96BFE4E1C16FEBF00D35DBA /* util.h */ = {isa = PBXFileReference; fileEncoding = 4; lastKnownFileType = sourcecode.c.h; path = util.h; sourceTree = "<group>"; };
		C96BFE4F1C16FEBF00D35DBA /* util.cpp */ = {isa = PBXFileReference; fileEncoding = 4; lastKnownFileType = sourcecode.cpp.cpp; path = util.cpp; sourceTree = "<group>"; };
		C96BFE541C16FEEA00D35DBA /* trk.h */ = {isa = PBXFileReference; fileEncoding = 4; lastKnownFileType = sourcecode.c.h; path = trk.h; sourceTree = "<group>"; };
		C96BFE551C16FEEA00D35DBA /* trk_source.h */ = {isa = PBXFileReference; fileEncoding = 4; lastKnownFileType = sourcecode.c.h; path = trk_source.h; sourceTree = "<group>"; };
		C96BFE561C16FEEA00D35DBA /* trk_source.cpp */ = {isa = PBXFileReference; fileEncoding = 4; lastKnownFileType = sourcecode.cpp.cpp; path = trk_source.cpp; sourceTree = "<group>"; };
		C96BFE571C16FEEA00D35DBA /* trk_sink.h */ = {isa = PBXFileReference; fileEncoding = 4; lastKnownFileType = sourcecode.c.h; path = trk_sink.h; sourceTree = "<group>"; };
		C96BFE581C16FEEA00D35DBA /* trk_sink.cpp */ = {isa = PBXFileReference; fileEncoding = 4; lastKnownFileType = sourcecode.cpp.cpp; path = trk_sink.cpp; sourceTree = "<group>"; };
		C96BFE5B1C16FF1700D35DBA /* vec2.h */ = {isa = PBXFileReference; fileEncoding = 4; lastKnownFileType = sourcecode.c.h; path = vec2.h; sourceTree = "<group>"; };
		C96BFE5C1C16FF1700D35DBA /* track.h */ = {isa = PBXFileReference; fileEncoding = 4; lastKnownFileType = sourcecode.c.h; path = track.h; sourceTree = "<group>"; };
		C96BFE5D1C16FF1700D35DBA /* track.cpp */ = {isa = PBXFileReference; fileEncoding = 4; lastKnownFileType = sourcecode.cpp.cpp; path = track.cpp; sourceTree = "<group>"; };
		C96BFE5E1C16FF1700D35DBA /* line.h */ = {isa = PBXFileReference; fileEncoding = 4; lastKnownFileType = sourcecode.c.h; path = line.h; sourceTree = "<group>"; };
		C96BFE5F1C16FF1700D35DBA /* grid.h */ = {isa = PBXFileReference; fileEncoding = 4; lastKnownFileType = sourcecode.c.h; path = grid.h; sourceTree = "<group>"; };
		C96BFE621C17127900D35DBA /* sol_source.hpp */ = {isa = PBXFileReference; fileEncoding = 4; lastKnownFileType = sourcecode.cpp.h; path = sol_source.hpp; sourceTree = "<group>"; };
		C96BFE631C17128E00D35DBA /* sol_source.cpp */ = {isa = PBXFileReference; fileEncoding = 4; lastKnownFileType = sourcecode.cpp.cpp; path = sol_source.cpp; sourceTree = "<group>"; };
		C96BFE651C1712E500D35DBA /* amf0.h */ = {isa = PBXFileReference; fileEncoding = 4; lastKnownFileType = sourcecode.c.h; path = amf0.h; sourceTree = "<group>"; };
		C96BFE661C1712E500D35DBA /* amf0.c */ = {isa = PBXFileReference; fileEncoding = 4; lastKnownFileType = sourcecode.c.c; path = amf0.c; sourceTree = "<group>"; };
		C96BFE681C1714B100D35DBA /* sols.hpp */ = {isa = PBXFileReference; fileEncoding = 4; lastKnownFileType = sourcecode.cpp.h; path = sols.hpp; sourceTree = "<group>"; };
		C96BFE691C1714C800D35DBA /* sols.cpp */ = {isa = PBXFileReference; fileEncoding = 4; lastKnownFileType = sourcecode.cpp.cpp; path = sols.cpp; sourceTree = "<group>"; };
		C96BFE6C1C17D05B00D35DBA /* json.h */ = {isa = PBXFileReference; fileEncoding = 4; lastKnownFileType = sourcecode.c.h; path = json.h; sourceTree = "<group>"; };
		C96BFE6D1C17D05B00D35DBA /* jsoncpp.cpp */ = {isa = PBXFileReference; fileEncoding = 4; lastKnownFileType = sourcecode.cpp.cpp; path = jsoncpp.cpp; sourceTree = "<group>"; };
		C96BFE6E1C17D05B00D35DBA /* lineonline.h */ = {isa = PBXFileReference; fileEncoding = 4; lastKnownFileType = sourcecode.c.h; path = lineonline.h; sourceTree = "<group>"; };
		C96BFE6F1C17D05B00D35DBA /* lineonline.cpp */ = {isa = PBXFileReference; fileEncoding = 4; lastKnownFileType = sourcecode.cpp.cpp; path = lineonline.cpp; sourceTree = "<group>"; };
		C96BFE721C17D20700D35DBA /* json_source.hpp */ = {isa = PBXFileReference; fileEncoding = 4; lastKnownFileType = sourcecode.cpp.h; path = json_source.hpp; sourceTree = "<group>"; };
		C96BFE731C17D22900D35DBA /* json_source.cpp */ = {isa = PBXFileReference; fileEncoding = 4; lastKnownFileType = sourcecode.cpp.cpp; path = json_source.cpp; sourceTree = "<group>"; };
		C96BFE751C18501C00D35DBA /* convert.hpp */ = {isa = PBXFileReference; fileEncoding = 4; lastKnownFileType = sourcecode.cpp.h; path = convert.hpp; sourceTree = "<group>"; };
		C96BFE761C18503A00D35DBA /* convert.cpp */ = {isa = PBXFileReference; fileEncoding = 4; lastKnownFileType = sourcecode.cpp.cpp; path = convert.cpp; sourceTree = "<group>"; };
		C96BFE781C18648C00D35DBA /* sol_sink.hpp */ = {isa = PBXFileReference; fileEncoding = 4; lastKnownFileType = sourcecode.cpp.h; path = sol_sink.hpp; sourceTree = "<group>"; };
		C96BFE791C1864A200D35DBA /* sol_sink.cpp */ = {isa = PBXFileReference; fileEncoding = 4; lastKnownFileType = sourcecode.cpp.cpp; path = sol_sink.cpp; sourceTree = "<group>"; };
		C96BFE7B1C1866FB00D35DBA /* json_sink.h */ = {isa = PBXFileReference; fileEncoding = 4; lastKnownFileType = sourcecode.c.h; path = json_sink.h; sourceTree = "<group>"; };
		C96BFE7C1C18670E00D35DBA /* json_sink.cpp */ = {isa = PBXFileReference; fileEncoding = 4; lastKnownFileType = sourcecode.cpp.cpp; path = json_sink.cpp; sourceTree = "<group>"; };
		C96BFE7E1C198E1800D35DBA /* dump.hpp */ = {isa = PBXFileReference; fileEncoding = 4; lastKnownFileType = sourcecode.cpp.h; path = dump.hpp; sourceTree = "<group>"; };
		C96BFE7F1C198E3000D35DBA /* dump.cpp */ = {isa = PBXFileReference; fileEncoding = 4; lastKnownFileType = sourcecode.cpp.cpp; path = dump.cpp; sourceTree = "<group>"; };
/* End PBXFileReference section */

/* Begin PBXFrameworksBuildPhase section */
		C96BFDFF1C16EC2D00D35DBA /* Frameworks */ = {
			isa = PBXFrameworksBuildPhase;
			buildActionMask = 2147483647;
			files = (
			);
			runOnlyForDeploymentPostprocessing = 0;
		};
/* End PBXFrameworksBuildPhase section */

/* Begin PBXGroup section */
		C96BFDF91C16EC2D00D35DBA = {
			isa = PBXGroup;
			children = (
				C96BFE041C16EC2D00D35DBA /* LRTools */,
				C96BFE031C16EC2D00D35DBA /* Products */,
			);
			sourceTree = "<group>";
		};
		C96BFE031C16EC2D00D35DBA /* Products */ = {
			isa = PBXGroup;
			children = (
				C96BFE021C16EC2D00D35DBA /* lrtools */,
			);
			name = Products;
			sourceTree = "<group>";
		};
		C96BFE041C16EC2D00D35DBA /* LRTools */ = {
			isa = PBXGroup;
			children = (
				C96BFE6B1C17D04200D35DBA /* json */,
				C96BFE611C17125F00D35DBA /* sol */,
				C96BFE531C16FED800D35DBA /* trk */,
				C96BFE051C16EC2D00D35DBA /* main.cpp */,
				C96BFE0C1C16ED0D00D35DBA /* OptionParser.hpp */,
				C96BFE0D1C16ED2F00D35DBA /* OptionParser.cpp */,
				C96BFE0F1C16EEC300D35DBA /* cmdparser.hpp */,
				C96BFE131C16F15F00D35DBA /* cmdparser.cpp */,
				C96BFE101C16EF7500D35DBA /* ls.hpp */,
				C96BFE111C16EF8300D35DBA /* ls.cpp */,
				C96BFE681C1714B100D35DBA /* sols.hpp */,
				C96BFE691C1714C800D35DBA /* sols.cpp */,
				C96BFE751C18501C00D35DBA /* convert.hpp */,
				C96BFE761C18503A00D35DBA /* convert.cpp */,
				C96BFE7E1C198E1800D35DBA /* dump.hpp */,
				C96BFE7F1C198E3000D35DBA /* dump.cpp */,
				C96BFE151C16F4BF00D35DBA /* platform.hpp */,
				C96BFE161C16F51000D35DBA /* platform_unix.cpp */,
				C96BFE4A1C16FEAA00D35DBA /* track_source.h */,
				C96BFE4B1C16FEBF00D35DBA /* track_source.cpp */,
				C96BFE4C1C16FEBF00D35DBA /* track_sink.h */,
				C96BFE4D1C16FEBF00D35DBA /* track_sink.cpp */,
				C96BFE4E1C16FEBF00D35DBA /* util.h */,
				C96BFE4F1C16FEBF00D35DBA /* util.cpp */,
				C96BFE5B1C16FF1700D35DBA /* vec2.h */,
				C96BFE5C1C16FF1700D35DBA /* track.h */,
				C96BFE5D1C16FF1700D35DBA /* track.cpp */,
				C96BFE5E1C16FF1700D35DBA /* line.h */,
				C96BFE5F1C16FF1700D35DBA /* grid.h */,
			);
			path = LRTools;
			sourceTree = "<group>";
		};
		C96BFE531C16FED800D35DBA /* trk */ = {
			isa = PBXGroup;
			children = (
				C96BFE541C16FEEA00D35DBA /* trk.h */,
				C96BFE551C16FEEA00D35DBA /* trk_source.h */,
				C96BFE561C16FEEA00D35DBA /* trk_source.cpp */,
				C96BFE571C16FEEA00D35DBA /* trk_sink.h */,
				C96BFE581C16FEEA00D35DBA /* trk_sink.cpp */,
			);
			path = trk;
			sourceTree = "<group>";
		};
		C96BFE611C17125F00D35DBA /* sol */ = {
			isa = PBXGroup;
			children = (
				C96BFE651C1712E500D35DBA /* amf0.h */,
				C96BFE661C1712E500D35DBA /* amf0.c */,
				C96BFE621C17127900D35DBA /* sol_source.hpp */,
				C96BFE631C17128E00D35DBA /* sol_source.cpp */,
				C96BFE781C18648C00D35DBA /* sol_sink.hpp */,
				C96BFE791C1864A200D35DBA /* sol_sink.cpp */,
			);
			path = sol;
			sourceTree = "<group>";
		};
		C96BFE6B1C17D04200D35DBA /* json */ = {
			isa = PBXGroup;
			children = (
				C96BFE6C1C17D05B00D35DBA /* json.h */,
				C96BFE6D1C17D05B00D35DBA /* jsoncpp.cpp */,
				C96BFE6E1C17D05B00D35DBA /* lineonline.h */,
				C96BFE6F1C17D05B00D35DBA /* lineonline.cpp */,
				C96BFE721C17D20700D35DBA /* json_source.hpp */,
				C96BFE731C17D22900D35DBA /* json_source.cpp */,
				C96BFE7B1C1866FB00D35DBA /* json_sink.h */,
				C96BFE7C1C18670E00D35DBA /* json_sink.cpp */,
			);
			path = json;
			sourceTree = "<group>";
		};
/* End PBXGroup section */

/* Begin PBXNativeTarget section */
		C96BFE011C16EC2D00D35DBA /* lrtools */ = {
			isa = PBXNativeTarget;
			buildConfigurationList = C96BFE091C16EC2D00D35DBA /* Build configuration list for PBXNativeTarget "lrtools" */;
			buildPhases = (
				C96BFDFE1C16EC2D00D35DBA /* Sources */,
				C96BFDFF1C16EC2D00D35DBA /* Frameworks */,
				C96BFE001C16EC2D00D35DBA /* CopyFiles */,
			);
			buildRules = (
			);
			dependencies = (
			);
			name = lrtools;
			productName = LRTools;
			productReference = C96BFE021C16EC2D00D35DBA /* lrtools */;
			productType = "com.apple.product-type.tool";
		};
/* End PBXNativeTarget section */

/* Begin PBXProject section */
		C96BFDFA1C16EC2D00D35DBA /* Project object */ = {
			isa = PBXProject;
			attributes = {
				LastUpgradeCheck = 0710;
				ORGANIZATIONNAME = "Matthew Henry";
				TargetAttributes = {
					C96BFE011C16EC2D00D35DBA = {
						CreatedOnToolsVersion = 7.1.1;
					};
				};
			};
			buildConfigurationList = C96BFDFD1C16EC2D00D35DBA /* Build configuration list for PBXProject "LRTools" */;
			compatibilityVersion = "Xcode 3.2";
			developmentRegion = English;
			hasScannedForEncodings = 0;
			knownRegions = (
				en,
			);
			mainGroup = C96BFDF91C16EC2D00D35DBA;
			productRefGroup = C96BFE031C16EC2D00D35DBA /* Products */;
			projectDirPath = "";
			projectRoot = "";
			targets = (
				C96BFE011C16EC2D00D35DBA /* lrtools */,
			);
		};
/* End PBXProject section */

/* Begin PBXSourcesBuildPhase section */
		C96BFDFE1C16EC2D00D35DBA /* Sources */ = {
			isa = PBXSourcesBuildPhase;
			buildActionMask = 2147483647;
			files = (
				C96BFE701C17D05B00D35DBA /* jsoncpp.cpp in Sources */,
				C96BFE671C1712E500D35DBA /* amf0.c in Sources */,
				C96BFE591C16FEEA00D35DBA /* trk_source.cpp in Sources */,
				C96BFE771C18503A00D35DBA /* convert.cpp in Sources */,
				C96BFE511C16FEBF00D35DBA /* track_sink.cpp in Sources */,
				C96BFE501C16FEBF00D35DBA /* track_source.cpp in Sources */,
				C96BFE7A1C1864A200D35DBA /* sol_sink.cpp in Sources */,
				C96BFE6A1C1714C800D35DBA /* sols.cpp in Sources */,
				C96BFE801C198E3000D35DBA /* dump.cpp in Sources */,
				C96BFE7D1C18670E00D35DBA /* json_sink.cpp in Sources */,
				C96BFE061C16EC2D00D35DBA /* main.cpp in Sources */,
				C96BFE5A1C16FEEA00D35DBA /* trk_sink.cpp in Sources */,
				C96BFE0E1C16ED2F00D35DBA /* OptionParser.cpp in Sources */,
				C96BFE121C16EF8300D35DBA /* ls.cpp in Sources */,
				C96BFE741C17D22900D35DBA /* json_source.cpp in Sources */,
				C96BFE601C16FF1700D35DBA /* track.cpp in Sources */,
				C96BFE141C16F15F00D35DBA /* cmdparser.cpp in Sources */,
				C96BFE711C17D05B00D35DBA /* lineonline.cpp in Sources */,
				C96BFE641C17128E00D35DBA /* sol_source.cpp in Sources */,
				C96BFE171C16F51000D35DBA /* platform_unix.cpp in Sources */,
				C96BFE521C16FEBF00D35DBA /* util.cpp in Sources */,
			);
			runOnlyForDeploymentPostprocessing = 0;
		};
/* End PBXSourcesBuildPhase section */

/* Begin XCBuildConfiguration section */
		C96BFE071C16EC2D00D35DBA /* Debug */ = {
			isa = XCBuildConfiguration;
			buildSettings = {
				ALWAYS_SEARCH_USER_PATHS = NO;
				CLANG_CXX_LANGUAGE_STANDARD = "gnu++0x";
				CLANG_CXX_LIBRARY = "libc++";
				CLANG_ENABLE_MODULES = YES;
				CLANG_ENABLE_OBJC_ARC = YES;
				CLANG_WARN_BOOL_CONVERSION = YES;
				CLANG_WARN_CONSTANT_CONVERSION = YES;
				CLANG_WARN_DIRECT_OBJC_ISA_USAGE = YES_ERROR;
				CLANG_WARN_EMPTY_BODY = YES;
				CLANG_WARN_ENUM_CONVERSION = YES;
				CLANG_WARN_INT_CONVERSION = YES;
				CLANG_WARN_OBJC_ROOT_CLASS = YES_ERROR;
				CLANG_WARN_UNREACHABLE_CODE = YES;
				CLANG_WARN__DUPLICATE_METHOD_MATCH = YES;
				CODE_SIGN_IDENTITY = "-";
				COPY_PHASE_STRIP = NO;
				DEBUG_INFORMATION_FORMAT = dwarf;
				ENABLE_STRICT_OBJC_MSGSEND = YES;
				ENABLE_TESTABILITY = YES;
				GCC_C_LANGUAGE_STANDARD = gnu99;
				GCC_DYNAMIC_NO_PIC = NO;
				GCC_NO_COMMON_BLOCKS = YES;
				GCC_OPTIMIZATION_LEVEL = 0;
				GCC_PREPROCESSOR_DEFINITIONS = (
					"DEBUG=1",
					"$(inherited)",
				);
				GCC_WARN_64_TO_32_BIT_CONVERSION = YES;
				GCC_WARN_ABOUT_RETURN_TYPE = YES_ERROR;
				GCC_WARN_UNDECLARED_SELECTOR = YES;
				GCC_WARN_UNINITIALIZED_AUTOS = YES_AGGRESSIVE;
				GCC_WARN_UNUSED_FUNCTION = YES;
				GCC_WARN_UNUSED_VARIABLE = YES;
				MACOSX_DEPLOYMENT_TARGET = 10.11;
				MTL_ENABLE_DEBUG_INFO = YES;
				ONLY_ACTIVE_ARCH = YES;
				SDKROOT = macosx;
			};
			name = Debug;
		};
		C96BFE081C16EC2D00D35DBA /* Release */ = {
			isa = XCBuildConfiguration;
			buildSettings = {
				ALWAYS_SEARCH_USER_PATHS = NO;
				CLANG_CXX_LANGUAGE_STANDARD = "gnu++0x";
				CLANG_CXX_LIBRARY = "libc++";
				CLANG_ENABLE_MODULES = YES;
				CLANG_ENABLE_OBJC_ARC = YES;
				CLANG_WARN_BOOL_CONVERSION = YES;
				CLANG_WARN_CONSTANT_CONVERSION = YES;
				CLANG_WARN_DIRECT_OBJC_ISA_USAGE = YES_ERROR;
				CLANG_WARN_EMPTY_BODY = YES;
				CLANG_WARN_ENUM_CONVERSION = YES;
				CLANG_WARN_INT_CONVERSION = YES;
				CLANG_WARN_OBJC_ROOT_CLASS = YES_ERROR;
				CLANG_WARN_UNREACHABLE_CODE = YES;
				CLANG_WARN__DUPLICATE_METHOD_MATCH = YES;
				CODE_SIGN_IDENTITY = "-";
				COPY_PHASE_STRIP = NO;
				DEBUG_INFORMATION_FORMAT = "dwarf-with-dsym";
				ENABLE_NS_ASSERTIONS = NO;
				ENABLE_STRICT_OBJC_MSGSEND = YES;
				GCC_C_LANGUAGE_STANDARD = gnu99;
				GCC_NO_COMMON_BLOCKS = YES;
				GCC_WARN_64_TO_32_BIT_CONVERSION = YES;
				GCC_WARN_ABOUT_RETURN_TYPE = YES_ERROR;
				GCC_WARN_UNDECLARED_SELECTOR = YES;
				GCC_WARN_UNINITIALIZED_AUTOS = YES_AGGRESSIVE;
				GCC_WARN_UNUSED_FUNCTION = YES;
				GCC_WARN_UNUSED_VARIABLE = YES;
				MACOSX_DEPLOYMENT_TARGET = 10.11;
				MTL_ENABLE_DEBUG_INFO = NO;
				SDKROOT = macosx;
			};
			name = Release;
		};
		C96BFE0A1C16EC2D00D35DBA /* Debug */ = {
			isa = XCBuildConfiguration;
			buildSettings = {
				PRODUCT_NAME = "$(TARGET_NAME)";
			};
			name = Debug;
		};
		C96BFE0B1C16EC2D00D35DBA /* Release */ = {
			isa = XCBuildConfiguration;
			buildSettings = {
				PRODUCT_NAME = "$(TARGET_NAME)";
			};
			name = Release;
		};
/* End XCBuildConfiguration section */

/* Begin XCConfigurationList section */
		C96BFDFD1C16EC2D00D35DBA /* Build configuration list for PBXProject "LRTools" */ = {
			isa = XCConfigurationList;
			buildConfigurations = (
				C96BFE071C16EC2D00D35DBA /* Debug */,
				C96BFE081C16EC2D00D35DBA /* Release */,
			);
			defaultConfigurationIsVisible = 0;
			defaultConfigurationName = Release;
		};
		C96BFE091C16EC2D00D35DBA /* Build configuration list for PBXNativeTarget "lrtools" */ = {
			isa = XCConfigurationList;
			buildConfigurations = (
				C96BFE0A1C16EC2D00D35DBA /* Debug */,
				C96BFE0B1C16EC2D00D35DBA /* Release */,
			);
			defaultConfigurationIsVisible = 0;
			defaultConfigurationName = Release;
		};
/* End XCConfigurationList section */
	};
	rootObject = C96BFDFA1C16EC2D00D35DBA /* Project object */;
}
